
Microsoft Visual Studio Solution File, Format Version 12.00
Project("{FAE04EC0-301F-11D3-BF4B-00C04F79EFBC}") = "ViggosScraper", "ViggosScraper\ViggosScraper.csproj", "{D408D521-333F-4665-936C-5A2871559ED7}"
EndProject
Global
	GlobalSection(SolutionConfigurationPlatforms) = preSolution
		Debug|Any CPU = Debug|Any CPU
		Release|Any CPU = Release|Any CPU
	EndGlobalSection
	GlobalSection(ProjectConfigurationPlatforms) = postSolution
		{D408D521-333F-4665-936C-5A2871559ED7}.Debug|Any CPU.ActiveCfg = Debug|Any CPU
		{D408D521-333F-4665-936C-5A2871559ED7}.Debug|Any CPU.Build.0 = Debug|Any CPU
		{D408D521-333F-4665-936C-5A2871559ED7}.Release|Any CPU.ActiveCfg = Release|Any CPU
		{D408D521-333F-4665-936C-5A2871559ED7}.Release|Any CPU.Build.0 = Release|Any CPU
	EndGlobalSection
EndGlobal
